// !$*UTF8*$!
{
	archiveVersion = 1;
	classes = {
	};
	objectVersion = 50;
	objects = {

/* Begin PBXBuildFile section */
		61400001231B549B00A74298 /* Assets.xcassets in Resources */ = {isa = PBXBuildFile; fileRef = 61400000231B549B00A74298 /* Assets.xcassets */; };
		61400004231B549B00A74298 /* LaunchScreen.storyboard in Resources */ = {isa = PBXBuildFile; fileRef = 61400002231B549B00A74298 /* LaunchScreen.storyboard */; };
		6140000F231B549B00A74298 /* MyMemoAppTests.swift in Sources */ = {isa = PBXBuildFile; fileRef = 6140000E231B549B00A74298 /* MyMemoAppTests.swift */; };
		6140001A231B549B00A74298 /* MyMemoAppUITests.swift in Sources */ = {isa = PBXBuildFile; fileRef = 61400019231B549B00A74298 /* MyMemoAppUITests.swift */; };
		61400028231B556F00A74298 /* MemoTableViewController.swift in Sources */ = {isa = PBXBuildFile; fileRef = 61400027231B556F00A74298 /* MemoTableViewController.swift */; };
		6140002C231B60F400A74298 /* MemoViewController.swift in Sources */ = {isa = PBXBuildFile; fileRef = 6140002B231B60F400A74298 /* MemoViewController.swift */; };
		6140FFFA231B549A00A74298 /* AppDelegate.swift in Sources */ = {isa = PBXBuildFile; fileRef = 6140FFF9231B549A00A74298 /* AppDelegate.swift */; };
		6140FFFF231B549A00A74298 /* Main.storyboard in Resources */ = {isa = PBXBuildFile; fileRef = 6140FFFD231B549A00A74298 /* Main.storyboard */; };
/* End PBXBuildFile section */

/* Begin PBXContainerItemProxy section */
		6140000B231B549B00A74298 /* PBXContainerItemProxy */ = {
			isa = PBXContainerItemProxy;
			containerPortal = 6140FFEE231B549A00A74298 /* Project object */;
			proxyType = 1;
			remoteGlobalIDString = 6140FFF5231B549A00A74298;
			remoteInfo = MyMemoApp;
		};
		61400016231B549B00A74298 /* PBXContainerItemProxy */ = {
			isa = PBXContainerItemProxy;
			containerPortal = 6140FFEE231B549A00A74298 /* Project object */;
			proxyType = 1;
			remoteGlobalIDString = 6140FFF5231B549A00A74298;
			remoteInfo = MyMemoApp;
		};
/* End PBXContainerItemProxy section */

/* Begin PBXFileReference section */
		61400000231B549B00A74298 /* Assets.xcassets */ = {isa = PBXFileReference; lastKnownFileType = folder.assetcatalog; path = Assets.xcassets; sourceTree = "<group>"; };
		61400003231B549B00A74298 /* Base */ = {isa = PBXFileReference; lastKnownFileType = file.storyboard; name = Base; path = Base.lproj/LaunchScreen.storyboard; sourceTree = "<group>"; };
		61400005231B549B00A74298 /* Info.plist */ = {isa = PBXFileReference; lastKnownFileType = text.plist.xml; path = Info.plist; sourceTree = "<group>"; };
		6140000A231B549B00A74298 /* MyMemoAppTests.xctest */ = {isa = PBXFileReference; explicitFileType = wrapper.cfbundle; includeInIndex = 0; path = MyMemoAppTests.xctest; sourceTree = BUILT_PRODUCTS_DIR; };
		6140000E231B549B00A74298 /* MyMemoAppTests.swift */ = {isa = PBXFileReference; lastKnownFileType = sourcecode.swift; path = MyMemoAppTests.swift; sourceTree = "<group>"; };
		61400010231B549B00A74298 /* Info.plist */ = {isa = PBXFileReference; lastKnownFileType = text.plist.xml; path = Info.plist; sourceTree = "<group>"; };
		61400015231B549B00A74298 /* MyMemoAppUITests.xctest */ = {isa = PBXFileReference; explicitFileType = wrapper.cfbundle; includeInIndex = 0; path = MyMemoAppUITests.xctest; sourceTree = BUILT_PRODUCTS_DIR; };
		61400019231B549B00A74298 /* MyMemoAppUITests.swift */ = {isa = PBXFileReference; lastKnownFileType = sourcecode.swift; path = MyMemoAppUITests.swift; sourceTree = "<group>"; };
		6140001B231B549B00A74298 /* Info.plist */ = {isa = PBXFileReference; lastKnownFileType = text.plist.xml; path = Info.plist; sourceTree = "<group>"; };
		61400027231B556F00A74298 /* MemoTableViewController.swift */ = {isa = PBXFileReference; lastKnownFileType = sourcecode.swift; path = MemoTableViewController.swift; sourceTree = "<group>"; };
		6140002B231B60F400A74298 /* MemoViewController.swift */ = {isa = PBXFileReference; lastKnownFileType = sourcecode.swift; path = MemoViewController.swift; sourceTree = "<group>"; };
		6140FFF6231B549A00A74298 /* MyMemoApp.app */ = {isa = PBXFileReference; explicitFileType = wrapper.application; includeInIndex = 0; path = MyMemoApp.app; sourceTree = BUILT_PRODUCTS_DIR; };
		6140FFF9231B549A00A74298 /* AppDelegate.swift */ = {isa = PBXFileReference; lastKnownFileType = sourcecode.swift; path = AppDelegate.swift; sourceTree = "<group>"; };
		6140FFFE231B549A00A74298 /* Base */ = {isa = PBXFileReference; lastKnownFileType = file.storyboard; name = Base; path = Base.lproj/Main.storyboard; sourceTree = "<group>"; };
/* End PBXFileReference section */

/* Begin PBXFrameworksBuildPhase section */
		61400007231B549B00A74298 /* Frameworks */ = {
			isa = PBXFrameworksBuildPhase;
			buildActionMask = 2147483647;
			files = (
			);
			runOnlyForDeploymentPostprocessing = 0;
		};
		61400012231B549B00A74298 /* Frameworks */ = {
			isa = PBXFrameworksBuildPhase;
			buildActionMask = 2147483647;
			files = (
			);
			runOnlyForDeploymentPostprocessing = 0;
		};
		6140FFF3231B549A00A74298 /* Frameworks */ = {
			isa = PBXFrameworksBuildPhase;
			buildActionMask = 2147483647;
			files = (
			);
			runOnlyForDeploymentPostprocessing = 0;
		};
/* End PBXFrameworksBuildPhase section */

/* Begin PBXGroup section */
		6140000D231B549B00A74298 /* MyMemoAppTests */ = {
			isa = PBXGroup;
			children = (
				6140000E231B549B00A74298 /* MyMemoAppTests.swift */,
				61400010231B549B00A74298 /* Info.plist */,
			);
			path = MyMemoAppTests;
			sourceTree = "<group>";
		};
		61400018231B549B00A74298 /* MyMemoAppUITests */ = {
			isa = PBXGroup;
			children = (
				61400019231B549B00A74298 /* MyMemoAppUITests.swift */,
				6140001B231B549B00A74298 /* Info.plist */,
			);
			path = MyMemoAppUITests;
			sourceTree = "<group>";
		};
		6140FFED231B549A00A74298 = {
			isa = PBXGroup;
			children = (
				6140FFF8231B549A00A74298 /* MyMemoApp */,
				6140000D231B549B00A74298 /* MyMemoAppTests */,
				61400018231B549B00A74298 /* MyMemoAppUITests */,
				6140FFF7231B549A00A74298 /* Products */,
			);
			sourceTree = "<group>";
		};
		6140FFF7231B549A00A74298 /* Products */ = {
			isa = PBXGroup;
			children = (
				6140FFF6231B549A00A74298 /* MyMemoApp.app */,
				6140000A231B549B00A74298 /* MyMemoAppTests.xctest */,
				61400015231B549B00A74298 /* MyMemoAppUITests.xctest */,
			);
			name = Products;
			sourceTree = "<group>";
		};
		6140FFF8231B549A00A74298 /* MyMemoApp */ = {
			isa = PBXGroup;
			children = (
				6140FFF9231B549A00A74298 /* AppDelegate.swift */,
				6140002B231B60F400A74298 /* MemoViewController.swift */,
				6140FFFD231B549A00A74298 /* Main.storyboard */,
				61400027231B556F00A74298 /* MemoTableViewController.swift */,
				61400000231B549B00A74298 /* Assets.xcassets */,
				61400002231B549B00A74298 /* LaunchScreen.storyboard */,
				61400005231B549B00A74298 /* Info.plist */,
			);
			path = MyMemoApp;
			sourceTree = "<group>";
		};
/* End PBXGroup section */

/* Begin PBXNativeTarget section */
		61400009231B549B00A74298 /* MyMemoAppTests */ = {
			isa = PBXNativeTarget;
			buildConfigurationList = 61400021231B549B00A74298 /* Build configuration list for PBXNativeTarget "MyMemoAppTests" */;
			buildPhases = (
				61400006231B549B00A74298 /* Sources */,
				61400007231B549B00A74298 /* Frameworks */,
				61400008231B549B00A74298 /* Resources */,
			);
			buildRules = (
			);
			dependencies = (
				6140000C231B549B00A74298 /* PBXTargetDependency */,
			);
			name = MyMemoAppTests;
			productName = MyMemoAppTests;
			productReference = 6140000A231B549B00A74298 /* MyMemoAppTests.xctest */;
			productType = "com.apple.product-type.bundle.unit-test";
		};
		61400014231B549B00A74298 /* MyMemoAppUITests */ = {
			isa = PBXNativeTarget;
			buildConfigurationList = 61400024231B549B00A74298 /* Build configuration list for PBXNativeTarget "MyMemoAppUITests" */;
			buildPhases = (
				61400011231B549B00A74298 /* Sources */,
				61400012231B549B00A74298 /* Frameworks */,
				61400013231B549B00A74298 /* Resources */,
			);
			buildRules = (
			);
			dependencies = (
				61400017231B549B00A74298 /* PBXTargetDependency */,
			);
			name = MyMemoAppUITests;
			productName = MyMemoAppUITests;
			productReference = 61400015231B549B00A74298 /* MyMemoAppUITests.xctest */;
			productType = "com.apple.product-type.bundle.ui-testing";
		};
		6140FFF5231B549A00A74298 /* MyMemoApp */ = {
			isa = PBXNativeTarget;
			buildConfigurationList = 6140001E231B549B00A74298 /* Build configuration list for PBXNativeTarget "MyMemoApp" */;
			buildPhases = (
				6140FFF2231B549A00A74298 /* Sources */,
				6140FFF3231B549A00A74298 /* Frameworks */,
				6140FFF4231B549A00A74298 /* Resources */,
			);
			buildRules = (
			);
			dependencies = (
			);
			name = MyMemoApp;
			productName = MyMemoApp;
			productReference = 6140FFF6231B549A00A74298 /* MyMemoApp.app */;
			productType = "com.apple.product-type.application";
		};
/* End PBXNativeTarget section */

/* Begin PBXProject section */
		6140FFEE231B549A00A74298 /* Project object */ = {
			isa = PBXProject;
			attributes = {
				LastSwiftUpdateCheck = 1030;
				LastUpgradeCheck = 1030;
				ORGANIZATIONNAME = "吉家哲平";
				TargetAttributes = {
					61400009231B549B00A74298 = {
						CreatedOnToolsVersion = 10.3;
						TestTargetID = 6140FFF5231B549A00A74298;
					};
					61400014231B549B00A74298 = {
						CreatedOnToolsVersion = 10.3;
						TestTargetID = 6140FFF5231B549A00A74298;
					};
					6140FFF5231B549A00A74298 = {
						CreatedOnToolsVersion = 10.3;
					};
				};
			};
			buildConfigurationList = 6140FFF1231B549A00A74298 /* Build configuration list for PBXProject "MyMemoApp" */;
			compatibilityVersion = "Xcode 9.3";
			developmentRegion = en;
			hasScannedForEncodings = 0;
			knownRegions = (
				en,
				Base,
			);
			mainGroup = 6140FFED231B549A00A74298;
			productRefGroup = 6140FFF7231B549A00A74298 /* Products */;
			projectDirPath = "";
			projectRoot = "";
			targets = (
				6140FFF5231B549A00A74298 /* MyMemoApp */,
				61400009231B549B00A74298 /* MyMemoAppTests */,
				61400014231B549B00A74298 /* MyMemoAppUITests */,
			);
		};
/* End PBXProject section */

/* Begin PBXResourcesBuildPhase section */
		61400008231B549B00A74298 /* Resources */ = {
			isa = PBXResourcesBuildPhase;
			buildActionMask = 2147483647;
			files = (
			);
			runOnlyForDeploymentPostprocessing = 0;
		};
		61400013231B549B00A74298 /* Resources */ = {
			isa = PBXResourcesBuildPhase;
			buildActionMask = 2147483647;
			files = (
			);
			runOnlyForDeploymentPostprocessing = 0;
		};
		6140FFF4231B549A00A74298 /* Resources */ = {
			isa = PBXResourcesBuildPhase;
			buildActionMask = 2147483647;
			files = (
				61400004231B549B00A74298 /* LaunchScreen.storyboard in Resources */,
				61400001231B549B00A74298 /* Assets.xcassets in Resources */,
				6140FFFF231B549A00A74298 /* Main.storyboard in Resources */,
			);
			runOnlyForDeploymentPostprocessing = 0;
		};
/* End PBXResourcesBuildPhase section */

/* Begin PBXSourcesBuildPhase section */
		61400006231B549B00A74298 /* Sources */ = {
			isa = PBXSourcesBuildPhase;
			buildActionMask = 2147483647;
			files = (
				6140000F231B549B00A74298 /* MyMemoAppTests.swift in Sources */,
			);
			runOnlyForDeploymentPostprocessing = 0;
		};
		61400011231B549B00A74298 /* Sources */ = {
			isa = PBXSourcesBuildPhase;
			buildActionMask = 2147483647;
			files = (
				6140001A231B549B00A74298 /* MyMemoAppUITests.swift in Sources */,
			);
			runOnlyForDeploymentPostprocessing = 0;
		};
		6140FFF2231B549A00A74298 /* Sources */ = {
			isa = PBXSourcesBuildPhase;
			buildActionMask = 2147483647;
			files = (
				61400028231B556F00A74298 /* MemoTableViewController.swift in Sources */,
				6140FFFA231B549A00A74298 /* AppDelegate.swift in Sources */,
				6140002C231B60F400A74298 /* MemoViewController.swift in Sources */,
			);
			runOnlyForDeploymentPostprocessing = 0;
		};
/* End PBXSourcesBuildPhase section */

/* Begin PBXTargetDependency section */
		6140000C231B549B00A74298 /* PBXTargetDependency */ = {
			isa = PBXTargetDependency;
			target = 6140FFF5231B549A00A74298 /* MyMemoApp */;
			targetProxy = 6140000B231B549B00A74298 /* PBXContainerItemProxy */;
		};
		61400017231B549B00A74298 /* PBXTargetDependency */ = {
			isa = PBXTargetDependency;
			target = 6140FFF5231B549A00A74298 /* MyMemoApp */;
			targetProxy = 61400016231B549B00A74298 /* PBXContainerItemProxy */;
		};
/* End PBXTargetDependency section */

/* Begin PBXVariantGroup section */
		61400002231B549B00A74298 /* LaunchScreen.storyboard */ = {
			isa = PBXVariantGroup;
			children = (
				61400003231B549B00A74298 /* Base */,
			);
			name = LaunchScreen.storyboard;
			sourceTree = "<group>";
		};
		6140FFFD231B549A00A74298 /* Main.storyboard */ = {
			isa = PBXVariantGroup;
			children = (
				6140FFFE231B549A00A74298 /* Base */,
			);
			name = Main.storyboard;
			sourceTree = "<group>";
		};
/* End PBXVariantGroup section */

/* Begin XCBuildConfiguration section */
		6140001C231B549B00A74298 /* Debug */ = {
			isa = XCBuildConfiguration;
			buildSettings = {
				ALWAYS_SEARCH_USER_PATHS = NO;
				CLANG_ANALYZER_NONNULL = YES;
				CLANG_ANALYZER_NUMBER_OBJECT_CONVERSION = YES_AGGRESSIVE;
				CLANG_CXX_LANGUAGE_STANDARD = "gnu++14";
				CLANG_CXX_LIBRARY = "libc++";
				CLANG_ENABLE_MODULES = YES;
				CLANG_ENABLE_OBJC_ARC = YES;
				CLANG_ENABLE_OBJC_WEAK = YES;
				CLANG_WARN_BLOCK_CAPTURE_AUTORELEASING = YES;
				CLANG_WARN_BOOL_CONVERSION = YES;
				CLANG_WARN_COMMA = YES;
				CLANG_WARN_CONSTANT_CONVERSION = YES;
				CLANG_WARN_DEPRECATED_OBJC_IMPLEMENTATIONS = YES;
				CLANG_WARN_DIRECT_OBJC_ISA_USAGE = YES_ERROR;
				CLANG_WARN_DOCUMENTATION_COMMENTS = YES;
				CLANG_WARN_EMPTY_BODY = YES;
				CLANG_WARN_ENUM_CONVERSION = YES;
				CLANG_WARN_INFINITE_RECURSION = YES;
				CLANG_WARN_INT_CONVERSION = YES;
				CLANG_WARN_NON_LITERAL_NULL_CONVERSION = YES;
				CLANG_WARN_OBJC_IMPLICIT_RETAIN_SELF = YES;
				CLANG_WARN_OBJC_LITERAL_CONVERSION = YES;
				CLANG_WARN_OBJC_ROOT_CLASS = YES_ERROR;
				CLANG_WARN_RANGE_LOOP_ANALYSIS = YES;
				CLANG_WARN_STRICT_PROTOTYPES = YES;
				CLANG_WARN_SUSPICIOUS_MOVE = YES;
				CLANG_WARN_UNGUARDED_AVAILABILITY = YES_AGGRESSIVE;
				CLANG_WARN_UNREACHABLE_CODE = YES;
				CLANG_WARN__DUPLICATE_METHOD_MATCH = YES;
				CODE_SIGN_IDENTITY = "iPhone Developer";
				COPY_PHASE_STRIP = NO;
				DEBUG_INFORMATION_FORMAT = dwarf;
				ENABLE_STRICT_OBJC_MSGSEND = YES;
				ENABLE_TESTABILITY = YES;
				GCC_C_LANGUAGE_STANDARD = gnu11;
				GCC_DYNAMIC_NO_PIC = NO;
				GCC_NO_COMMON_BLOCKS = YES;
				GCC_OPTIMIZATION_LEVEL = 0;
				GCC_PREPROCESSOR_DEFINITIONS = (
					"DEBUG=1",
					"$(inherited)",
				);
				GCC_WARN_64_TO_32_BIT_CONVERSION = YES;
				GCC_WARN_ABOUT_RETURN_TYPE = YES_ERROR;
				GCC_WARN_UNDECLARED_SELECTOR = YES;
				GCC_WARN_UNINITIALIZED_AUTOS = YES_AGGRESSIVE;
				GCC_WARN_UNUSED_FUNCTION = YES;
				GCC_WARN_UNUSED_VARIABLE = YES;
				IPHONEOS_DEPLOYMENT_TARGET = 12.4;
				MTL_ENABLE_DEBUG_INFO = INCLUDE_SOURCE;
				MTL_FAST_MATH = YES;
				ONLY_ACTIVE_ARCH = YES;
				SDKROOT = iphoneos;
				SWIFT_ACTIVE_COMPILATION_CONDITIONS = DEBUG;
				SWIFT_OPTIMIZATION_LEVEL = "-Onone";
			};
			name = Debug;
		};
		6140001D231B549B00A74298 /* Release */ = {
			isa = XCBuildConfiguration;
			buildSettings = {
				ALWAYS_SEARCH_USER_PATHS = NO;
				CLANG_ANALYZER_NONNULL = YES;
				CLANG_ANALYZER_NUMBER_OBJECT_CONVERSION = YES_AGGRESSIVE;
				CLANG_CXX_LANGUAGE_STANDARD = "gnu++14";
				CLANG_CXX_LIBRARY = "libc++";
				CLANG_ENABLE_MODULES = YES;
				CLANG_ENABLE_OBJC_ARC = YES;
				CLANG_ENABLE_OBJC_WEAK = YES;
				CLANG_WARN_BLOCK_CAPTURE_AUTORELEASING = YES;
				CLANG_WARN_BOOL_CONVERSION = YES;
				CLANG_WARN_COMMA = YES;
				CLANG_WARN_CONSTANT_CONVERSION = YES;
				CLANG_WARN_DEPRECATED_OBJC_IMPLEMENTATIONS = YES;
				CLANG_WARN_DIRECT_OBJC_ISA_USAGE = YES_ERROR;
				CLANG_WARN_DOCUMENTATION_COMMENTS = YES;
				CLANG_WARN_EMPTY_BODY = YES;
				CLANG_WARN_ENUM_CONVERSION = YES;
				CLANG_WARN_INFINITE_RECURSION = YES;
				CLANG_WARN_INT_CONVERSION = YES;
				CLANG_WARN_NON_LITERAL_NULL_CONVERSION = YES;
				CLANG_WARN_OBJC_IMPLICIT_RETAIN_SELF = YES;
				CLANG_WARN_OBJC_LITERAL_CONVERSION = YES;
				CLANG_WARN_OBJC_ROOT_CLASS = YES_ERROR;
				CLANG_WARN_RANGE_LOOP_ANALYSIS = YES;
				CLANG_WARN_STRICT_PROTOTYPES = YES;
				CLANG_WARN_SUSPICIOUS_MOVE = YES;
				CLANG_WARN_UNGUARDED_AVAILABILITY = YES_AGGRESSIVE;
				CLANG_WARN_UNREACHABLE_CODE = YES;
				CLANG_WARN__DUPLICATE_METHOD_MATCH = YES;
				CODE_SIGN_IDENTITY = "iPhone Developer";
				COPY_PHASE_STRIP = NO;
				DEBUG_INFORMATION_FORMAT = "dwarf-with-dsym";
				ENABLE_NS_ASSERTIONS = NO;
				ENABLE_STRICT_OBJC_MSGSEND = YES;
				GCC_C_LANGUAGE_STANDARD = gnu11;
				GCC_NO_COMMON_BLOCKS = YES;
				GCC_WARN_64_TO_32_BIT_CONVERSION = YES;
				GCC_WARN_ABOUT_RETURN_TYPE = YES_ERROR;
				GCC_WARN_UNDECLARED_SELECTOR = YES;
				GCC_WARN_UNINITIALIZED_AUTOS = YES_AGGRESSIVE;
				GCC_WARN_UNUSED_FUNCTION = YES;
				GCC_WARN_UNUSED_VARIABLE = YES;
				IPHONEOS_DEPLOYMENT_TARGET = 12.4;
				MTL_ENABLE_DEBUG_INFO = NO;
				MTL_FAST_MATH = YES;
				SDKROOT = iphoneos;
				SWIFT_COMPILATION_MODE = wholemodule;
				SWIFT_OPTIMIZATION_LEVEL = "-O";
				VALIDATE_PRODUCT = YES;
			};
			name = Release;
		};
		6140001F231B549B00A74298 /* Debug */ = {
			isa = XCBuildConfiguration;
			buildSettings = {
				ASSETCATALOG_COMPILER_APPICON_NAME = AppIcon;
				CODE_SIGN_STYLE = Automatic;
				DEVELOPMENT_TEAM = 8G3R9USH7G;
				INFOPLIST_FILE = MyMemoApp/Info.plist;
				LD_RUNPATH_SEARCH_PATHS = (
					"$(inherited)",
					"@executable_path/Frameworks",
				);
				PRODUCT_BUNDLE_IDENTIFIER = "jp.ne.softbank-surippasan.MyMemoApp";
				PRODUCT_NAME = "$(TARGET_NAME)";
				SWIFT_VERSION = 5.0;
				TARGETED_DEVICE_FAMILY = "1,2";
			};
			name = Debug;
		};
		61400020231B549B00A74298 /* Release */ = {
			isa = XCBuildConfiguration;
			buildSettings = {
				ASSETCATALOG_COMPILER_APPICON_NAME = AppIcon;
				CODE_SIGN_STYLE = Automatic;
				DEVELOPMENT_TEAM = 8G3R9USH7G;
				INFOPLIST_FILE = MyMemoApp/Info.plist;
				LD_RUNPATH_SEARCH_PATHS = (
					"$(inherited)",
					"@executable_path/Frameworks",
				);
				PRODUCT_BUNDLE_IDENTIFIER = "jp.ne.softbank-surippasan.MyMemoApp";
				PRODUCT_NAME = "$(TARGET_NAME)";
				SWIFT_VERSION = 5.0;
				TARGETED_DEVICE_FAMILY = "1,2";
			};
			name = Release;
		};
		61400022231B549B00A74298 /* Debug */ = {
			isa = XCBuildConfiguration;
			buildSettings = {
				ALWAYS_EMBED_SWIFT_STANDARD_LIBRARIES = YES;
				BUNDLE_LOADER = "$(TEST_HOST)";
				CODE_SIGN_STYLE = Automatic;
				DEVELOPMENT_TEAM = 8G3R9USH7G;
				INFOPLIST_FILE = MyMemoAppTests/Info.plist;
				LD_RUNPATH_SEARCH_PATHS = (
					"$(inherited)",
					"@executable_path/Frameworks",
					"@loader_path/Frameworks",
				);
				PRODUCT_BUNDLE_IDENTIFIER = "jp.ne.softbank-surippasan.MyMemoAppTests";
				PRODUCT_NAME = "$(TARGET_NAME)";
				SWIFT_VERSION = 5.0;
				TARGETED_DEVICE_FAMILY = "1,2";
				TEST_HOST = "$(BUILT_PRODUCTS_DIR)/MyMemoApp.app/MyMemoApp";
			};
			name = Debug;
		};
		61400023231B549B00A74298 /* Release */ = {
			isa = XCBuildConfiguration;
			buildSettings = {
				ALWAYS_EMBED_SWIFT_STANDARD_LIBRARIES = YES;
				BUNDLE_LOADER = "$(TEST_HOST)";
				CODE_SIGN_STYLE = Automatic;
				DEVELOPMENT_TEAM = 8G3R9USH7G;
				INFOPLIST_FILE = MyMemoAppTests/Info.plist;
				LD_RUNPATH_SEARCH_PATHS = (
					"$(inherited)",
					"@executable_path/Frameworks",
					"@loader_path/Frameworks",
				);
				PRODUCT_BUNDLE_IDENTIFIER = "jp.ne.softbank-surippasan.MyMemoAppTests";
				PRODUCT_NAME = "$(TARGET_NAME)";
				SWIFT_VERSION = 5.0;
				TARGETED_DEVICE_FAMILY = "1,2";
				TEST_HOST = "$(BUILT_PRODUCTS_DIR)/MyMemoApp.app/MyMemoApp";
			};
			name = Release;
		};
		61400025231B549B00A74298 /* Debug */ = {
			isa = XCBuildConfiguration;
			buildSettings = {
				ALWAYS_EMBED_SWIFT_STANDARD_LIBRARIES = YES;
				CODE_SIGN_STYLE = Automatic;
				DEVELOPMENT_TEAM = 8G3R9USH7G;
				INFOPLIST_FILE = MyMemoAppUITests/Info.plist;
				LD_RUNPATH_SEARCH_PATHS = (
					"$(inherited)",
					"@executable_path/Frameworks",
					"@loader_path/Frameworks",
				);
				PRODUCT_BUNDLE_IDENTIFIER = "jp.ne.softbank-surippasan.MyMemoAppUITests";
				PRODUCT_NAME = "$(TARGET_NAME)";
				SWIFT_VERSION = 5.0;
				TARGETED_DEVICE_FAMILY = "1,2";
				TEST_TARGET_NAME = MyMemoApp;
			};
			name = Debug;
		};
		61400026231B549B00A74298 /* Release */ = {
			isa = XCBuildConfiguration;
			buildSettings = {
				ALWAYS_EMBED_SWIFT_STANDARD_LIBRARIES = YES;
				CODE_SIGN_STYLE = Automatic;
				DEVELOPMENT_TEAM = 8G3R9USH7G;
				INFOPLIST_FILE = MyMemoAppUITests/Info.plist;
				LD_RUNPATH_SEARCH_PATHS = (
					"$(inherited)",
					"@executable_path/Frameworks",
					"@loader_path/Frameworks",
				);
				PRODUCT_BUNDLE_IDENTIFIER = "jp.ne.softbank-surippasan.MyMemoAppUITests";
				PRODUCT_NAME = "$(TARGET_NAME)";
				SWIFT_VERSION = 5.0;
				TARGETED_DEVICE_FAMILY = "1,2";
				TEST_TARGET_NAME = MyMemoApp;
			};
			name = Release;
		};
/* End XCBuildConfiguration section */

/* Begin XCConfigurationList section */
		6140001E231B549B00A74298 /* Build configuration list for PBXNativeTarget "MyMemoApp" */ = {
			isa = XCConfigurationList;
			buildConfigurations = (
				6140001F231B549B00A74298 /* Debug */,
				61400020231B549B00A74298 /* Release */,
			);
			defaultConfigurationIsVisible = 0;
			defaultConfigurationName = Release;
		};
		61400021231B549B00A74298 /* Build configuration list for PBXNativeTarget "MyMemoAppTests" */ = {
			isa = XCConfigurationList;
			buildConfigurations = (
				61400022231B549B00A74298 /* Debug */,
				61400023231B549B00A74298 /* Release */,
			);
			defaultConfigurationIsVisible = 0;
			defaultConfigurationName = Release;
		};
		61400024231B549B00A74298 /* Build configuration list for PBXNativeTarget "MyMemoAppUITests" */ = {
			isa = XCConfigurationList;
			buildConfigurations = (
				61400025231B549B00A74298 /* Debug */,
				61400026231B549B00A74298 /* Release */,
			);
			defaultConfigurationIsVisible = 0;
			defaultConfigurationName = Release;
		};
		6140FFF1231B549A00A74298 /* Build configuration list for PBXProject "MyMemoApp" */ = {
			isa = XCConfigurationList;
			buildConfigurations = (
				6140001C231B549B00A74298 /* Debug */,
				6140001D231B549B00A74298 /* Release */,
			);
			defaultConfigurationIsVisible = 0;
			defaultConfigurationName = Release;
		};
/* End XCConfigurationList section */
	};
	rootObject = 6140FFEE231B549A00A74298 /* Project object */;
}
